
Microsoft Visual Studio Solution File, Format Version 12.00
# Visual Studio Version 16
VisualStudioVersion = 16.0.31402.337
MinimumVisualStudioVersion = 10.0.40219.1
Project("{9A19103F-16F7-4668-BE54-9A1E7A4F7556}") = "BethanysPieShopHRM.App", "BethanysPieShopHRM.App\BethanysPieShopHRM.App.csproj", "{E0D46C71-8EEB-4613-9599-939955F64052}"
EndProject
Project("{FAE04EC0-301F-11D3-BF4B-00C04F79EFBC}") = "BethanysPieShopHRM.Shared", "BethanysPieShopHRM.Shared\BethanysPieShopHRM.Shared.csproj", "{DE7F81FE-F490-4EC4-9C19-C8E83D1A7BD4}"
EndProject
Global
	GlobalSection(SolutionConfigurationPlatforms) = preSolution
		Debug|Any CPU = Debug|Any CPU
		Release|Any CPU = Release|Any CPU
	EndGlobalSection
	GlobalSection(ProjectConfigurationPlatforms) = postSolution
		{E0D46C71-8EEB-4613-9599-939955F64052}.Debug|Any CPU.ActiveCfg = Debug|Any CPU
		{E0D46C71-8EEB-4613-9599-939955F64052}.Debug|Any CPU.Build.0 = Debug|Any CPU
		{E0D46C71-8EEB-4613-9599-939955F64052}.Release|Any CPU.ActiveCfg = Release|Any CPU
		{E0D46C71-8EEB-4613-9599-939955F64052}.Release|Any CPU.Build.0 = Release|Any CPU
		{DE7F81FE-F490-4EC4-9C19-C8E83D1A7BD4}.Debug|Any CPU.ActiveCfg = Debug|Any CPU
		{DE7F81FE-F490-4EC4-9C19-C8E83D1A7BD4}.Debug|Any CPU.Build.0 = Debug|Any CPU
		{DE7F81FE-F490-4EC4-9C19-C8E83D1A7BD4}.Release|Any CPU.ActiveCfg = Release|Any CPU
		{DE7F81FE-F490-4EC4-9C19-C8E83D1A7BD4}.Release|Any CPU.Build.0 = Release|Any CPU
	EndGlobalSection
	GlobalSection(SolutionProperties) = preSolution
		HideSolutionNode = FALSE
	EndGlobalSection
	GlobalSection(ExtensibilityGlobals) = postSolution
		SolutionGuid = {B4CA92ED-8354-404C-B9D7-AEA0471D1D82}
	EndGlobalSection
EndGlobal
